<?xml version="1.0" encoding="utf-8"?>
<Project ToolsVersion="4.0" xmlns="http://schemas.microsoft.com/developer/msbuild/2003">
  <ItemGroup>
    <Filter Include="Source Files">
      <UniqueIdentifier>{4FC737F1-C7A5-4376-A066-2A32D752A2FF}</UniqueIdentifier>
      <Extensions>cpp;c;cc;cxx;c++;cppm;ixx;def;odl;idl;hpj;bat;asm;asmx</Extensions>
    </Filter>
    <Filter Include="Header Files">
      <UniqueIdentifier>{93995380-89BD-4b04-88EB-625FBE52EBFB}</UniqueIdentifier>
      <Extensions>h;hh;hpp;hxx;h++;hm;inl;inc;ipp;xsd</Extensions>
    </Filter>
    <Filter Include="Resource Files">
      <UniqueIdentifier>{67DA6AB6-F800-4c08-8B7A-83BB121AAD01}</UniqueIdentifier>
      <Extensions>rc;ico;cur;bmp;dlg;rc2;rct;bin;rgs;gif;jpg;jpeg;jpe;resx;tiff;tif;png;wav;mfcribbon-ms</Extensions>
    </Filter>
  </ItemGroup>
  <ItemGroup>
    <None Include="cpp.hint" />
  </ItemGroup>
  <ItemGroup>
    <ClInclude Include="include\CollisionBox.h">
      <Filter>Header Files</Filter>
    </ClInclude>
    <ClInclude Include="include\CollisionCapsule.h">
      <Filter>Header Files</Filter>
    </ClInclude>
    <ClInclude Include="include\CollisionMesh.h">
      <Filter>Header Files</Filter>
    </ClInclude>
    <ClInclude Include="include\CollisionShape.h">
      <Filter>Header Files</Filter>
    </ClInclude>
    <ClInclude Include="include\CollisionSphere.h">
      <Filter>Header Files</Filter>
    </ClInclude>
    <ClInclude Include="include\DLLExport.h">
      <Filter>Header Files</Filter>
    </ClInclude>
    <ClInclude Include="include\ForceMode.h">
      <Filter>Header Files</Filter>
    </ClInclude>
    <ClInclude Include="include\PhysicScene.h">
      <Filter>Header Files</Filter>
    </ClInclude>
    <ClInclude Include="include\PhysicSimulation.h">
      <Filter>Header Files</Filter>
    </ClInclude>
    <ClInclude Include="include\PhysicSimulationCallback.h">
      <Filter>Header Files</Filter>
    </ClInclude>
    <ClInclude Include="include\PhysicSimulationFilterShader.h">
      <Filter>Header Files</Filter>
    </ClInclude>
    <ClInclude Include="include\Raycast.h">
      <Filter>Header Files</Filter>
    </ClInclude>
    <ClInclude Include="include\RaycastHit.h">
      <Filter>Header Files</Filter>
    </ClInclude>
    <ClInclude Include="include\RaycastHitBuffer.h">
      <Filter>Header Files</Filter>
    </ClInclude>
    <ClInclude Include="include\RigidBody.h">
      <Filter>Header Files</Filter>
    </ClInclude>
    <ClInclude Include="include\RigidStatic.h">
      <Filter>Header Files</Filter>
    </ClInclude>
    <ClInclude Include="framework.h">
      <Filter>Header Files</Filter>
    </ClInclude>
    <ClInclude Include="pch.h">
      <Filter>Header Files</Filter>
    </ClInclude>
  </ItemGroup>
  <ItemGroup>
    <ClCompile Include="src\CollisionBox.cpp">
      <Filter>Source Files</Filter>
    </ClCompile>
    <ClCompile Include="src\CollisionCapsule.cpp">
      <Filter>Source Files</Filter>
    </ClCompile>
    <ClCompile Include="src\CollisionMesh.cpp">
      <Filter>Source Files</Filter>
    </ClCompile>
    <ClCompile Include="src\CollisionShape.cpp">
      <Filter>Source Files</Filter>
    </ClCompile>
    <ClCompile Include="src\CollisionSphere.cpp">
      <Filter>Source Files</Filter>
    </ClCompile>
    <ClCompile Include="src\PhysicScene.cpp">
      <Filter>Source Files</Filter>
    </ClCompile>
    <ClCompile Include="src\PhysicSimulation.cpp">
      <Filter>Source Files</Filter>
    </ClCompile>
    <ClCompile Include="src\PhysicSimulationCallback.cpp">
      <Filter>Source Files</Filter>
    </ClCompile>
    <ClCompile Include="src\PhysicSimulationFilterShader.cpp">
      <Filter>Source Files</Filter>
    </ClCompile>
    <ClCompile Include="src\Raycast.cpp">
      <Filter>Source Files</Filter>
    </ClCompile>
    <ClCompile Include="src\RaycastHit.cpp">
      <Filter>Source Files</Filter>
    </ClCompile>
    <ClCompile Include="src\RaycastHitBuffer.cpp">
      <Filter>Source Files</Filter>
    </ClCompile>
    <ClCompile Include="src\RigidBody.cpp">
      <Filter>Source Files</Filter>
    </ClCompile>
    <ClCompile Include="src\RigidStatic.cpp">
      <Filter>Source Files</Filter>
    </ClCompile>
    <ClCompile Include="dllmain.cpp">
      <Filter>Source Files</Filter>
    </ClCompile>
    <ClCompile Include="pch.cpp">
      <Filter>Source Files</Filter>
    </ClCompile>
  </ItemGroup>
</Project>